
Microsoft Visual Studio Solution File, Format Version 12.00
# Visual Studio Version 17
VisualStudioVersion = 17.14.36414.22 d17.14
MinimumVisualStudioVersion = 10.0.40219.1
Project("{FAE04EC0-301F-11D3-BF4B-00C04F79EFBC}") = "Ejercicio1-1.", "Ejercicio1-1\Ejercicio1-1..csproj", "{B917A050-B6D9-4236-B9A5-68EC76D57F9C}"
EndProject
Global
	GlobalSection(SolutionConfigurationPlatforms) = preSolution
		Debug|Any CPU = Debug|Any CPU
		Release|Any CPU = Release|Any CPU
	EndGlobalSection
	GlobalSection(ProjectConfigurationPlatforms) = postSolution
		{B917A050-B6D9-4236-B9A5-68EC76D57F9C}.Debug|Any CPU.ActiveCfg = Debug|Any CPU
		{B917A050-B6D9-4236-B9A5-68EC76D57F9C}.Debug|Any CPU.Build.0 = Debug|Any CPU
		{B917A050-B6D9-4236-B9A5-68EC76D57F9C}.Release|Any CPU.ActiveCfg = Release|Any CPU
		{B917A050-B6D9-4236-B9A5-68EC76D57F9C}.Release|Any CPU.Build.0 = Release|Any CPU
	EndGlobalSection
	GlobalSection(SolutionProperties) = preSolution
		HideSolutionNode = FALSE
	EndGlobalSection
	GlobalSection(ExtensibilityGlobals) = postSolution
		SolutionGuid = {CF0C41DD-4B8A-46C7-9BAB-D8A206CFAA6C}
	EndGlobalSection
EndGlobal
