
Microsoft Visual Studio Solution File, Format Version 12.00
# Visual Studio Version 17
VisualStudioVersion = 17.14.36414.22 d17.14
MinimumVisualStudioVersion = 10.0.40219.1
Project("{FAE04EC0-301F-11D3-BF4B-00C04F79EFBC}") = "Ejercicio1", "Ejercicio1\Ejercicio1.csproj", "{61855246-FB40-4178-8507-92A1EACD9F51}"
EndProject
Global
	GlobalSection(SolutionConfigurationPlatforms) = preSolution
		Debug|Any CPU = Debug|Any CPU
		Release|Any CPU = Release|Any CPU
	EndGlobalSection
	GlobalSection(ProjectConfigurationPlatforms) = postSolution
		{61855246-FB40-4178-8507-92A1EACD9F51}.Debug|Any CPU.ActiveCfg = Debug|Any CPU
		{61855246-FB40-4178-8507-92A1EACD9F51}.Debug|Any CPU.Build.0 = Debug|Any CPU
		{61855246-FB40-4178-8507-92A1EACD9F51}.Release|Any CPU.ActiveCfg = Release|Any CPU
		{61855246-FB40-4178-8507-92A1EACD9F51}.Release|Any CPU.Build.0 = Release|Any CPU
	EndGlobalSection
	GlobalSection(SolutionProperties) = preSolution
		HideSolutionNode = FALSE
	EndGlobalSection
	GlobalSection(ExtensibilityGlobals) = postSolution
		SolutionGuid = {C47C594B-8373-404B-9273-8C233E6D3BBE}
	EndGlobalSection
EndGlobal
